
Microsoft Visual Studio Solution File, Format Version 12.00
# Visual Studio Version 16
VisualStudioVersion = 16.0.29102.190
MinimumVisualStudioVersion = 10.0.40219.1
Project("{FAE04EC0-301F-11D3-BF4B-00C04F79EFBC}") = "TWorksUnitTest", "TWorksUnitTest\TWorksUnitTest.csproj", "{FE77B0B8-E6A9-4097-8E46-7E4AF43FD6D9}"
EndProject
Project("{FAE04EC0-301F-11D3-BF4B-00C04F79EFBC}") = "CricketGame", "CricketGame\CricketGame.csproj", "{6FDD3D6B-F87C-46EF-849F-CB2E5A97FD64}"
EndProject
Global
	GlobalSection(SolutionConfigurationPlatforms) = preSolution
		Debug|Any CPU = Debug|Any CPU
		Release|Any CPU = Release|Any CPU
	EndGlobalSection
	GlobalSection(ProjectConfigurationPlatforms) = postSolution
		{FE77B0B8-E6A9-4097-8E46-7E4AF43FD6D9}.Debug|Any CPU.ActiveCfg = Debug|Any CPU
		{FE77B0B8-E6A9-4097-8E46-7E4AF43FD6D9}.Debug|Any CPU.Build.0 = Debug|Any CPU
		{FE77B0B8-E6A9-4097-8E46-7E4AF43FD6D9}.Release|Any CPU.ActiveCfg = Release|Any CPU
		{FE77B0B8-E6A9-4097-8E46-7E4AF43FD6D9}.Release|Any CPU.Build.0 = Release|Any CPU
		{6FDD3D6B-F87C-46EF-849F-CB2E5A97FD64}.Debug|Any CPU.ActiveCfg = Debug|Any CPU
		{6FDD3D6B-F87C-46EF-849F-CB2E5A97FD64}.Debug|Any CPU.Build.0 = Debug|Any CPU
		{6FDD3D6B-F87C-46EF-849F-CB2E5A97FD64}.Release|Any CPU.ActiveCfg = Release|Any CPU
		{6FDD3D6B-F87C-46EF-849F-CB2E5A97FD64}.Release|Any CPU.Build.0 = Release|Any CPU
	EndGlobalSection
	GlobalSection(SolutionProperties) = preSolution
		HideSolutionNode = FALSE
	EndGlobalSection
	GlobalSection(ExtensibilityGlobals) = postSolution
		SolutionGuid = {FC6ACE44-29E7-4B47-ABC0-CD51DBCFEE06}
	EndGlobalSection
EndGlobal
